
Microsoft Visual Studio Solution File, Format Version 12.00
# Visual Studio Version 17
VisualStudioVersion = 17.0.31903.59
MinimumVisualStudioVersion = 10.0.40219.1
Project("{2150E333-8FDC-42A3-9474-1A3956D46DE8}") = "01 Apis", "01 Apis", "{684E6409-9D93-42FD-BB24-BD5FED6CE4EC}"
EndProject
Project("{2150E333-8FDC-42A3-9474-1A3956D46DE8}") = "02 Core", "02 Core", "{2BB3B382-E6F9-4304-9C46-8CDBF12B0733}"
EndProject
Project("{2150E333-8FDC-42A3-9474-1A3956D46DE8}") = "03 Database", "03 Database", "{A1434D08-40D7-4580-9FF4-2C8A67E41AC7}"
EndProject
Project("{2150E333-8FDC-42A3-9474-1A3956D46DE8}") = "04 Common", "04 Common", "{BC4F2CA1-CFCE-4051-9FB3-D29E9A80FB2C}"
EndProject
Project("{2150E333-8FDC-42A3-9474-1A3956D46DE8}") = "05 Tests", "05 Tests", "{AA0DBDF9-B436-4303-BFE9-6BA9AB10EC16}"
EndProject
Project("{FAE04EC0-301F-11D3-BF4B-00C04F79EFBC}") = "Common", "Common\Common.csproj", "{FC504319-D9F1-455D-86C5-4673BB1EAF3A}"
EndProject
Project("{FAE04EC0-301F-11D3-BF4B-00C04F79EFBC}") = "DataAccess", "DataAccess\DataAccess.csproj", "{BB169A13-694C-4C0E-A77E-38BBD3DD8B01}"
EndProject
Project("{FAE04EC0-301F-11D3-BF4B-00C04F79EFBC}") = "Test", "Test\Test.csproj", "{2155EE49-6F0D-4B90-B1A1-53B44CC378E9}"
EndProject
Project("{FAE04EC0-301F-11D3-BF4B-00C04F79EFBC}") = "Core", "Core\Core.csproj", "{42C456DE-5E91-4296-8674-704EFF09691D}"
EndProject
Project("{FAE04EC0-301F-11D3-BF4B-00C04F79EFBC}") = "Core.Contracts", "Core.Contracts\Core.Contracts.csproj", "{353962B5-D145-42E3-90DC-A82EC2580E1C}"
EndProject
Project("{FAE04EC0-301F-11D3-BF4B-00C04F79EFBC}") = "Api", "Api\Api.csproj", "{7BEF9D53-1655-49B2-AAC7-F6FEC845F76A}"
EndProject
Global
	GlobalSection(SolutionConfigurationPlatforms) = preSolution
		Debug|Any CPU = Debug|Any CPU
		Release|Any CPU = Release|Any CPU
	EndGlobalSection
	GlobalSection(SolutionProperties) = preSolution
		HideSolutionNode = FALSE
	EndGlobalSection
	GlobalSection(NestedProjects) = preSolution
		{FC504319-D9F1-455D-86C5-4673BB1EAF3A} = {BC4F2CA1-CFCE-4051-9FB3-D29E9A80FB2C}
		{BB169A13-694C-4C0E-A77E-38BBD3DD8B01} = {A1434D08-40D7-4580-9FF4-2C8A67E41AC7}
		{2155EE49-6F0D-4B90-B1A1-53B44CC378E9} = {AA0DBDF9-B436-4303-BFE9-6BA9AB10EC16}
		{42C456DE-5E91-4296-8674-704EFF09691D} = {2BB3B382-E6F9-4304-9C46-8CDBF12B0733}
		{353962B5-D145-42E3-90DC-A82EC2580E1C} = {2BB3B382-E6F9-4304-9C46-8CDBF12B0733}
		{7BEF9D53-1655-49B2-AAC7-F6FEC845F76A} = {684E6409-9D93-42FD-BB24-BD5FED6CE4EC}
	EndGlobalSection
	GlobalSection(ProjectConfigurationPlatforms) = postSolution
		{FC504319-D9F1-455D-86C5-4673BB1EAF3A}.Debug|Any CPU.ActiveCfg = Debug|Any CPU
		{FC504319-D9F1-455D-86C5-4673BB1EAF3A}.Debug|Any CPU.Build.0 = Debug|Any CPU
		{FC504319-D9F1-455D-86C5-4673BB1EAF3A}.Release|Any CPU.ActiveCfg = Release|Any CPU
		{FC504319-D9F1-455D-86C5-4673BB1EAF3A}.Release|Any CPU.Build.0 = Release|Any CPU
		{BB169A13-694C-4C0E-A77E-38BBD3DD8B01}.Debug|Any CPU.ActiveCfg = Debug|Any CPU
		{BB169A13-694C-4C0E-A77E-38BBD3DD8B01}.Debug|Any CPU.Build.0 = Debug|Any CPU
		{BB169A13-694C-4C0E-A77E-38BBD3DD8B01}.Release|Any CPU.ActiveCfg = Release|Any CPU
		{BB169A13-694C-4C0E-A77E-38BBD3DD8B01}.Release|Any CPU.Build.0 = Release|Any CPU
		{2155EE49-6F0D-4B90-B1A1-53B44CC378E9}.Debug|Any CPU.ActiveCfg = Debug|Any CPU
		{2155EE49-6F0D-4B90-B1A1-53B44CC378E9}.Debug|Any CPU.Build.0 = Debug|Any CPU
		{2155EE49-6F0D-4B90-B1A1-53B44CC378E9}.Release|Any CPU.ActiveCfg = Release|Any CPU
		{2155EE49-6F0D-4B90-B1A1-53B44CC378E9}.Release|Any CPU.Build.0 = Release|Any CPU
		{42C456DE-5E91-4296-8674-704EFF09691D}.Debug|Any CPU.ActiveCfg = Debug|Any CPU
		{42C456DE-5E91-4296-8674-704EFF09691D}.Debug|Any CPU.Build.0 = Debug|Any CPU
		{42C456DE-5E91-4296-8674-704EFF09691D}.Release|Any CPU.ActiveCfg = Release|Any CPU
		{42C456DE-5E91-4296-8674-704EFF09691D}.Release|Any CPU.Build.0 = Release|Any CPU
		{353962B5-D145-42E3-90DC-A82EC2580E1C}.Debug|Any CPU.ActiveCfg = Debug|Any CPU
		{353962B5-D145-42E3-90DC-A82EC2580E1C}.Debug|Any CPU.Build.0 = Debug|Any CPU
		{353962B5-D145-42E3-90DC-A82EC2580E1C}.Release|Any CPU.ActiveCfg = Release|Any CPU
		{353962B5-D145-42E3-90DC-A82EC2580E1C}.Release|Any CPU.Build.0 = Release|Any CPU
		{7BEF9D53-1655-49B2-AAC7-F6FEC845F76A}.Debug|Any CPU.ActiveCfg = Debug|Any CPU
		{7BEF9D53-1655-49B2-AAC7-F6FEC845F76A}.Debug|Any CPU.Build.0 = Debug|Any CPU
		{7BEF9D53-1655-49B2-AAC7-F6FEC845F76A}.Release|Any CPU.ActiveCfg = Release|Any CPU
		{7BEF9D53-1655-49B2-AAC7-F6FEC845F76A}.Release|Any CPU.Build.0 = Release|Any CPU
	EndGlobalSection
EndGlobal
